// !$*UTF8*$!
{
	archiveVersion = 1;
	classes = {
	};
	objectVersion = 50;
	objects = {

/* Begin PBXBuildFile section */
		C800D3D3242D140B004B6392 /* INTRO_final2.mp4 in Resources */ = {isa = PBXBuildFile; fileRef = C800D3D2242D140B004B6392 /* INTRO_final2.mp4 */; };
		C80D420624040E7F004368DE /* MapCell.swift in Sources */ = {isa = PBXBuildFile; fileRef = C80D420424040E7F004368DE /* MapCell.swift */; };
		C80D42082404114C004368DE /* Assets.xcassets in Resources */ = {isa = PBXBuildFile; fileRef = F5E6165423E5C78E009893D3 /* Assets.xcassets */; };
		C82E8FED24059AC500817495 /* HowToSlide.xib in Resources */ = {isa = PBXBuildFile; fileRef = C82E8FEC24059AC500817495 /* HowToSlide.xib */; };
		C859F2F4242E8A4C00EA1A49 /* AlbumViewController.swift in Sources */ = {isa = PBXBuildFile; fileRef = C859F2EF242E8A4C00EA1A49 /* AlbumViewController.swift */; };
		C859F2F6242E8A4C00EA1A49 /* ARViewController.swift in Sources */ = {isa = PBXBuildFile; fileRef = C859F2F1242E8A4C00EA1A49 /* ARViewController.swift */; };
		C859F2F7242E8A4C00EA1A49 /* PersistenceService.swift in Sources */ = {isa = PBXBuildFile; fileRef = C859F2F2242E8A4C00EA1A49 /* PersistenceService.swift */; };
		C859F2FA242E8C6200EA1A49 /* CustomPhotoAlbum.swift in Sources */ = {isa = PBXBuildFile; fileRef = C859F2F8242E8C6200EA1A49 /* CustomPhotoAlbum.swift */; };
		C859F2FB242E8C6200EA1A49 /* Character.swift in Sources */ = {isa = PBXBuildFile; fileRef = C859F2F9242E8C6200EA1A49 /* Character.swift */; };
		C85FAEE424169CA30058B791 /* MapCell.xib in Resources */ = {isa = PBXBuildFile; fileRef = C85FAEE324169CA30058B791 /* MapCell.xib */; };
		C85FAEE62416CDAD0058B791 /* HowToSlide.swift in Sources */ = {isa = PBXBuildFile; fileRef = C85FAEE52416CDAD0058B791 /* HowToSlide.swift */; };
		C8830B892435054200E280BD /* bgsound.mp3 in Resources */ = {isa = PBXBuildFile; fileRef = C8830B882435054200E280BD /* bgsound.mp3 */; };
		C8A4E38A24267C5C0046B03D /* VideoController.swift in Sources */ = {isa = PBXBuildFile; fileRef = C8A4E38924267C5C0046B03D /* VideoController.swift */; };
		C8AF35032403E95D00AB6721 /* MapController.swift in Sources */ = {isa = PBXBuildFile; fileRef = C8AF35022403E95D00AB6721 /* MapController.swift */; };
		F521395C243D1AAB00E3FD46 /* art.scnassets in Resources */ = {isa = PBXBuildFile; fileRef = F521395B243D1AAA00E3FD46 /* art.scnassets */; };
		F559F3EA2431718E00156ADC /* AudioPlayer.swift in Sources */ = {isa = PBXBuildFile; fileRef = F559F3E92431718E00156ADC /* AudioPlayer.swift */; };
		F559F3F9243178A400156ADC /* sound03.mp3 in Resources */ = {isa = PBXBuildFile; fileRef = F559F3ED243178A300156ADC /* sound03.mp3 */; };
		F559F3FA243178A400156ADC /* sound04.mp3 in Resources */ = {isa = PBXBuildFile; fileRef = F559F3EE243178A400156ADC /* sound04.mp3 */; };
		F559F3FB243178A400156ADC /* sound08.mp3 in Resources */ = {isa = PBXBuildFile; fileRef = F559F3EF243178A400156ADC /* sound08.mp3 */; };
		F559F3FC243178A400156ADC /* sound01.mp3 in Resources */ = {isa = PBXBuildFile; fileRef = F559F3F0243178A400156ADC /* sound01.mp3 */; };
		F559F3FD243178A400156ADC /* sound09.mp3 in Resources */ = {isa = PBXBuildFile; fileRef = F559F3F1243178A400156ADC /* sound09.mp3 */; };
		F559F3FE243178A400156ADC /* sound11.mp3 in Resources */ = {isa = PBXBuildFile; fileRef = F559F3F2243178A400156ADC /* sound11.mp3 */; };
		F559F3FF243178A400156ADC /* sound12.mp3 in Resources */ = {isa = PBXBuildFile; fileRef = F559F3F3243178A400156ADC /* sound12.mp3 */; };
		F559F400243178A400156ADC /* sound10.mp3 in Resources */ = {isa = PBXBuildFile; fileRef = F559F3F4243178A400156ADC /* sound10.mp3 */; };
		F559F401243178A400156ADC /* sound05.mp3 in Resources */ = {isa = PBXBuildFile; fileRef = F559F3F5243178A400156ADC /* sound05.mp3 */; };
		F559F402243178A400156ADC /* sound02.mp3 in Resources */ = {isa = PBXBuildFile; fileRef = F559F3F6243178A400156ADC /* sound02.mp3 */; };
		F559F403243178A400156ADC /* sound07.mp3 in Resources */ = {isa = PBXBuildFile; fileRef = F559F3F7243178A400156ADC /* sound07.mp3 */; };
		F559F404243178A400156ADC /* sound06.mp3 in Resources */ = {isa = PBXBuildFile; fileRef = F559F3F8243178A400156ADC /* sound06.mp3 */; };
		F56CDB32243D1DB900A2A4B2 /* AppDelegate.swift in Sources */ = {isa = PBXBuildFile; fileRef = F56CDB31243D1D3700A2A4B2 /* AppDelegate.swift */; };
		F5E6165323E5C78A009893D3 /* Main.storyboard in Resources */ = {isa = PBXBuildFile; fileRef = F5E6165123E5C78A009893D3 /* Main.storyboard */; };
		F5E6165823E5C78E009893D3 /* LaunchScreen.storyboard in Resources */ = {isa = PBXBuildFile; fileRef = F5E6165623E5C78E009893D3 /* LaunchScreen.storyboard */; };
/* End PBXBuildFile section */

/* Begin PBXFileReference section */
		C800D3D2242D140B004B6392 /* INTRO_final2.mp4 */ = {isa = PBXFileReference; lastKnownFileType = file; path = INTRO_final2.mp4; sourceTree = "<group>"; };
		C80D420424040E7F004368DE /* MapCell.swift */ = {isa = PBXFileReference; lastKnownFileType = sourcecode.swift; path = MapCell.swift; sourceTree = "<group>"; };
		C82E8FEC24059AC500817495 /* HowToSlide.xib */ = {isa = PBXFileReference; lastKnownFileType = file.xib; path = HowToSlide.xib; sourceTree = "<group>"; };
		C859F2EF242E8A4C00EA1A49 /* AlbumViewController.swift */ = {isa = PBXFileReference; fileEncoding = 4; lastKnownFileType = sourcecode.swift; path = AlbumViewController.swift; sourceTree = "<group>"; };
		C859F2F1242E8A4C00EA1A49 /* ARViewController.swift */ = {isa = PBXFileReference; fileEncoding = 4; lastKnownFileType = sourcecode.swift; path = ARViewController.swift; sourceTree = "<group>"; };
		C859F2F2242E8A4C00EA1A49 /* PersistenceService.swift */ = {isa = PBXFileReference; fileEncoding = 4; lastKnownFileType = sourcecode.swift; path = PersistenceService.swift; sourceTree = "<group>"; };
		C859F2F8242E8C6200EA1A49 /* CustomPhotoAlbum.swift */ = {isa = PBXFileReference; fileEncoding = 4; lastKnownFileType = sourcecode.swift; path = CustomPhotoAlbum.swift; sourceTree = "<group>"; };
		C859F2F9242E8C6200EA1A49 /* Character.swift */ = {isa = PBXFileReference; fileEncoding = 4; lastKnownFileType = sourcecode.swift; path = Character.swift; sourceTree = "<group>"; };
		C85FAEE324169CA30058B791 /* MapCell.xib */ = {isa = PBXFileReference; fileEncoding = 4; lastKnownFileType = file.xib; path = MapCell.xib; sourceTree = "<group>"; };
		C85FAEE52416CDAD0058B791 /* HowToSlide.swift */ = {isa = PBXFileReference; lastKnownFileType = sourcecode.swift; path = HowToSlide.swift; sourceTree = "<group>"; };
		C8830B882435054200E280BD /* bgsound.mp3 */ = {isa = PBXFileReference; lastKnownFileType = audio.mp3; path = bgsound.mp3; sourceTree = "<group>"; };
		C8A4E38924267C5C0046B03D /* VideoController.swift */ = {isa = PBXFileReference; lastKnownFileType = sourcecode.swift; path = VideoController.swift; sourceTree = "<group>"; };
		C8AF35022403E95D00AB6721 /* MapController.swift */ = {isa = PBXFileReference; lastKnownFileType = sourcecode.swift; path = MapController.swift; sourceTree = "<group>"; };
		C8B5B3E2242EA8EC0083905F /* Info.plist */ = {isa = PBXFileReference; fileEncoding = 4; lastKnownFileType = text.plist.xml; path = Info.plist; sourceTree = "<group>"; };
		F521395B243D1AAA00E3FD46 /* art.scnassets */ = {isa = PBXFileReference; lastKnownFileType = wrapper.scnassets; path = art.scnassets; sourceTree = "<group>"; };
		F559F3E92431718E00156ADC /* AudioPlayer.swift */ = {isa = PBXFileReference; lastKnownFileType = sourcecode.swift; path = AudioPlayer.swift; sourceTree = "<group>"; };
		F559F3ED243178A300156ADC /* sound03.mp3 */ = {isa = PBXFileReference; lastKnownFileType = audio.mp3; path = sound03.mp3; sourceTree = "<group>"; };
		F559F3EE243178A400156ADC /* sound04.mp3 */ = {isa = PBXFileReference; lastKnownFileType = audio.mp3; path = sound04.mp3; sourceTree = "<group>"; };
		F559F3EF243178A400156ADC /* sound08.mp3 */ = {isa = PBXFileReference; lastKnownFileType = audio.mp3; path = sound08.mp3; sourceTree = "<group>"; };
		F559F3F0243178A400156ADC /* sound01.mp3 */ = {isa = PBXFileReference; lastKnownFileType = audio.mp3; path = sound01.mp3; sourceTree = "<group>"; };
		F559F3F1243178A400156ADC /* sound09.mp3 */ = {isa = PBXFileReference; lastKnownFileType = audio.mp3; path = sound09.mp3; sourceTree = "<group>"; };
		F559F3F2243178A400156ADC /* sound11.mp3 */ = {isa = PBXFileReference; lastKnownFileType = audio.mp3; path = sound11.mp3; sourceTree = "<group>"; };
		F559F3F3243178A400156ADC /* sound12.mp3 */ = {isa = PBXFileReference; lastKnownFileType = audio.mp3; path = sound12.mp3; sourceTree = "<group>"; };
		F559F3F4243178A400156ADC /* sound10.mp3 */ = {isa = PBXFileReference; lastKnownFileType = audio.mp3; path = sound10.mp3; sourceTree = "<group>"; };
		F559F3F5243178A400156ADC /* sound05.mp3 */ = {isa = PBXFileReference; lastKnownFileType = audio.mp3; path = sound05.mp3; sourceTree = "<group>"; };
		F559F3F6243178A400156ADC /* sound02.mp3 */ = {isa = PBXFileReference; lastKnownFileType = audio.mp3; path = sound02.mp3; sourceTree = "<group>"; };
		F559F3F7243178A400156ADC /* sound07.mp3 */ = {isa = PBXFileReference; lastKnownFileType = audio.mp3; path = sound07.mp3; sourceTree = "<group>"; };
		F559F3F8243178A400156ADC /* sound06.mp3 */ = {isa = PBXFileReference; lastKnownFileType = audio.mp3; path = sound06.mp3; sourceTree = "<group>"; };
		F56CDB31243D1D3700A2A4B2 /* AppDelegate.swift */ = {isa = PBXFileReference; lastKnownFileType = sourcecode.swift; path = AppDelegate.swift; sourceTree = "<group>"; };
		F5E6164823E5C78A009893D3 /* Day of Akha.app */ = {isa = PBXFileReference; explicitFileType = wrapper.application; includeInIndex = 0; path = "Day of Akha.app"; sourceTree = BUILT_PRODUCTS_DIR; };
		F5E6164B23E5C78A009893D3 /* AppDelegate.swift */ = {isa = PBXFileReference; lastKnownFileType = sourcecode.swift; path = AppDelegate.swift; sourceTree = "<group>"; };
		F5E6165223E5C78A009893D3 /* Base */ = {isa = PBXFileReference; lastKnownFileType = file.storyboard; name = Base; path = Base.lproj/Main.storyboard; sourceTree = "<group>"; };
		F5E6165423E5C78E009893D3 /* Assets.xcassets */ = {isa = PBXFileReference; lastKnownFileType = folder.assetcatalog; path = Assets.xcassets; sourceTree = "<group>"; };
		F5E6165723E5C78E009893D3 /* Base */ = {isa = PBXFileReference; lastKnownFileType = file.storyboard; name = Base; path = Base.lproj/LaunchScreen.storyboard; sourceTree = "<group>"; };
/* End PBXFileReference section */

/* Begin PBXFrameworksBuildPhase section */
		F5E6164523E5C78A009893D3 /* Frameworks */ = {
			isa = PBXFrameworksBuildPhase;
			buildActionMask = 2147483647;
			files = (
			);
			runOnlyForDeploymentPostprocessing = 0;
		};
/* End PBXFrameworksBuildPhase section */

/* Begin PBXGroup section */
		C8830B872435052E00E280BD /* Song */ = {
			isa = PBXGroup;
			children = (
				C8830B882435054200E280BD /* bgsound.mp3 */,
			);
			path = Song;
			sourceTree = "<group>";
		};
		C8A4E38B2426811B0046B03D /* Video */ = {
			isa = PBXGroup;
			children = (
				C800D3D2242D140B004B6392 /* INTRO_final2.mp4 */,
				F559F3F0243178A400156ADC /* sound01.mp3 */,
				F559F3F6243178A400156ADC /* sound02.mp3 */,
				F559F3ED243178A300156ADC /* sound03.mp3 */,
				F559F3EE243178A400156ADC /* sound04.mp3 */,
				F559F3F5243178A400156ADC /* sound05.mp3 */,
				F559F3F8243178A400156ADC /* sound06.mp3 */,
				F559F3F7243178A400156ADC /* sound07.mp3 */,
				F559F3EF243178A400156ADC /* sound08.mp3 */,
				F559F3F1243178A400156ADC /* sound09.mp3 */,
				F559F3F4243178A400156ADC /* sound10.mp3 */,
				F559F3F2243178A400156ADC /* sound11.mp3 */,
				F559F3F3243178A400156ADC /* sound12.mp3 */,
			);
			path = Video;
			sourceTree = "<group>";
		};
		C8C1681523E9443A00537E42 /* View */ = {
			isa = PBXGroup;
			children = (
				F5E6165123E5C78A009893D3 /* Main.storyboard */,
				C85FAEE324169CA30058B791 /* MapCell.xib */,
				C80D420424040E7F004368DE /* MapCell.swift */,
				C82E8FEC24059AC500817495 /* HowToSlide.xib */,
				C85FAEE52416CDAD0058B791 /* HowToSlide.swift */,
			);
			path = View;
			sourceTree = "<group>";
		};
		C8C1681623E9444200537E42 /* Controller */ = {
			isa = PBXGroup;
			children = (
				C859F2EF242E8A4C00EA1A49 /* AlbumViewController.swift */,
				C859F2F1242E8A4C00EA1A49 /* ARViewController.swift */,
				C859F2F2242E8A4C00EA1A49 /* PersistenceService.swift */,
				C8AF35022403E95D00AB6721 /* MapController.swift */,
				C8A4E38924267C5C0046B03D /* VideoController.swift */,
			);
			path = Controller;
			sourceTree = "<group>";
		};
		C8C1681723E9444E00537E42 /* Model */ = {
			isa = PBXGroup;
			children = (
				C859F2F9242E8C6200EA1A49 /* Character.swift */,
				C859F2F8242E8C6200EA1A49 /* CustomPhotoAlbum.swift */,
				F559F3E92431718E00156ADC /* AudioPlayer.swift */,
			);
			path = Model;
			sourceTree = "<group>";
		};
		F521395A243CF55000E3FD46 /* Recovered References */ = {
			isa = PBXGroup;
			children = (
				F5E6164B23E5C78A009893D3 /* AppDelegate.swift */,
			);
			name = "Recovered References";
			sourceTree = "<group>";
		};
		F5E6163F23E5C78A009893D3 = {
			isa = PBXGroup;
			children = (
				F5E6164A23E5C78A009893D3 /* AHKA_AR */,
				F5E6164923E5C78A009893D3 /* Products */,
				F521395A243CF55000E3FD46 /* Recovered References */,
			);
			sourceTree = "<group>";
		};
		F5E6164923E5C78A009893D3 /* Products */ = {
			isa = PBXGroup;
			children = (
				F5E6164823E5C78A009893D3 /* Day of Akha.app */,
			);
			name = Products;
			sourceTree = "<group>";
		};
		F5E6164A23E5C78A009893D3 /* AHKA_AR */ = {
			isa = PBXGroup;
			children = (
				F56CDB31243D1D3700A2A4B2 /* AppDelegate.swift */,
				F521395B243D1AAA00E3FD46 /* art.scnassets */,
				C8830B872435052E00E280BD /* Song */,
				C8A4E38B2426811B0046B03D /* Video */,
				C8C1681723E9444E00537E42 /* Model */,
				C8C1681523E9443A00537E42 /* View */,
				C8C1681623E9444200537E42 /* Controller */,
				F5E6165423E5C78E009893D3 /* Assets.xcassets */,
				C8B5B3E2242EA8EC0083905F /* Info.plist */,
				F5E6165623E5C78E009893D3 /* LaunchScreen.storyboard */,
			);
			path = AHKA_AR;
			sourceTree = "<group>";
		};
/* End PBXGroup section */

/* Begin PBXNativeTarget section */
		F5E6164723E5C78A009893D3 /* Day In Ahka */ = {
			isa = PBXNativeTarget;
			buildConfigurationList = F5E6165C23E5C78E009893D3 /* Build configuration list for PBXNativeTarget "Day In Ahka" */;
			buildPhases = (
				F5E6164423E5C78A009893D3 /* Sources */,
				F5E6164523E5C78A009893D3 /* Frameworks */,
				F5E6164623E5C78A009893D3 /* Resources */,
			);
			buildRules = (
			);
			dependencies = (
			);
			name = "Day In Ahka";
			productName = AHKA_AR;
			productReference = F5E6164823E5C78A009893D3 /* Day of Akha.app */;
			productType = "com.apple.product-type.application";
		};
/* End PBXNativeTarget section */

/* Begin PBXProject section */
		F5E6164023E5C78A009893D3 /* Project object */ = {
			isa = PBXProject;
			attributes = {
				LastSwiftUpdateCheck = 1030;
				LastUpgradeCheck = 1030;
				ORGANIZATIONNAME = boblancer;
				TargetAttributes = {
					F5E6164723E5C78A009893D3 = {
						CreatedOnToolsVersion = 10.3;
					};
				};
			};
			buildConfigurationList = F5E6164323E5C78A009893D3 /* Build configuration list for PBXProject "Day In Ahka" */;
			compatibilityVersion = "Xcode 9.3";
			developmentRegion = en;
			hasScannedForEncodings = 0;
			knownRegions = (
				en,
				Base,
			);
			mainGroup = F5E6163F23E5C78A009893D3;
			productRefGroup = F5E6164923E5C78A009893D3 /* Products */;
			projectDirPath = "";
			projectRoot = "";
			targets = (
				F5E6164723E5C78A009893D3 /* Day In Ahka */,
			);
		};
/* End PBXProject section */

/* Begin PBXResourcesBuildPhase section */
		F5E6164623E5C78A009893D3 /* Resources */ = {
			isa = PBXResourcesBuildPhase;
			buildActionMask = 2147483647;
			files = (
				F559F404243178A400156ADC /* sound06.mp3 in Resources */,
				F559F3FE243178A400156ADC /* sound11.mp3 in Resources */,
				F559F3FB243178A400156ADC /* sound08.mp3 in Resources */,
				F559F3FD243178A400156ADC /* sound09.mp3 in Resources */,
				F559F403243178A400156ADC /* sound07.mp3 in Resources */,
				F5E6165823E5C78E009893D3 /* LaunchScreen.storyboard in Resources */,
				F559F400243178A400156ADC /* sound10.mp3 in Resources */,
				C85FAEE424169CA30058B791 /* MapCell.xib in Resources */,
				C800D3D3242D140B004B6392 /* INTRO_final2.mp4 in Resources */,
				F559F3FC243178A400156ADC /* sound01.mp3 in Resources */,
				C8830B892435054200E280BD /* bgsound.mp3 in Resources */,
				F559F401243178A400156ADC /* sound05.mp3 in Resources */,
				F5E6165323E5C78A009893D3 /* Main.storyboard in Resources */,
				C82E8FED24059AC500817495 /* HowToSlide.xib in Resources */,
				F559F3FA243178A400156ADC /* sound04.mp3 in Resources */,
				C80D42082404114C004368DE /* Assets.xcassets in Resources */,
				F559F402243178A400156ADC /* sound02.mp3 in Resources */,
				F521395C243D1AAB00E3FD46 /* art.scnassets in Resources */,
				F559F3F9243178A400156ADC /* sound03.mp3 in Resources */,
				F559F3FF243178A400156ADC /* sound12.mp3 in Resources */,
			);
			runOnlyForDeploymentPostprocessing = 0;
		};
/* End PBXResourcesBuildPhase section */

/* Begin PBXSourcesBuildPhase section */
		F5E6164423E5C78A009893D3 /* Sources */ = {
			isa = PBXSourcesBuildPhase;
			buildActionMask = 2147483647;
			files = (
				F56CDB32243D1DB900A2A4B2 /* AppDelegate.swift in Sources */,
				C8A4E38A24267C5C0046B03D /* VideoController.swift in Sources */,
				C8AF35032403E95D00AB6721 /* MapController.swift in Sources */,
				F559F3EA2431718E00156ADC /* AudioPlayer.swift in Sources */,
				C859F2F6242E8A4C00EA1A49 /* ARViewController.swift in Sources */,
				C85FAEE62416CDAD0058B791 /* HowToSlide.swift in Sources */,
				C859F2F7242E8A4C00EA1A49 /* PersistenceService.swift in Sources */,
				C859F2FA242E8C6200EA1A49 /* CustomPhotoAlbum.swift in Sources */,
				C859F2FB242E8C6200EA1A49 /* Character.swift in Sources */,
				C80D420624040E7F004368DE /* MapCell.swift in Sources */,
				C859F2F4242E8A4C00EA1A49 /* AlbumViewController.swift in Sources */,
			);
			runOnlyForDeploymentPostprocessing = 0;
		};
/* End PBXSourcesBuildPhase section */

/* Begin PBXVariantGroup section */
		F5E6165123E5C78A009893D3 /* Main.storyboard */ = {
			isa = PBXVariantGroup;
			children = (
				F5E6165223E5C78A009893D3 /* Base */,
			);
			name = Main.storyboard;
			sourceTree = "<group>";
		};
		F5E6165623E5C78E009893D3 /* LaunchScreen.storyboard */ = {
			isa = PBXVariantGroup;
			children = (
				F5E6165723E5C78E009893D3 /* Base */,
			);
			name = LaunchScreen.storyboard;
			sourceTree = "<group>";
		};
/* End PBXVariantGroup section */

/* Begin XCBuildConfiguration section */
		F5E6165A23E5C78E009893D3 /* Debug */ = {
			isa = XCBuildConfiguration;
			buildSettings = {
				ALWAYS_SEARCH_USER_PATHS = NO;
				CLANG_ANALYZER_NONNULL = YES;
				CLANG_ANALYZER_NUMBER_OBJECT_CONVERSION = YES_AGGRESSIVE;
				CLANG_CXX_LANGUAGE_STANDARD = "gnu++14";
				CLANG_CXX_LIBRARY = "libc++";
				CLANG_ENABLE_MODULES = YES;
				CLANG_ENABLE_OBJC_ARC = YES;
				CLANG_ENABLE_OBJC_WEAK = YES;
				CLANG_WARN_BLOCK_CAPTURE_AUTORELEASING = YES;
				CLANG_WARN_BOOL_CONVERSION = YES;
				CLANG_WARN_COMMA = YES;
				CLANG_WARN_CONSTANT_CONVERSION = YES;
				CLANG_WARN_DEPRECATED_OBJC_IMPLEMENTATIONS = YES;
				CLANG_WARN_DIRECT_OBJC_ISA_USAGE = YES_ERROR;
				CLANG_WARN_DOCUMENTATION_COMMENTS = YES;
				CLANG_WARN_EMPTY_BODY = YES;
				CLANG_WARN_ENUM_CONVERSION = YES;
				CLANG_WARN_INFINITE_RECURSION = YES;
				CLANG_WARN_INT_CONVERSION = YES;
				CLANG_WARN_NON_LITERAL_NULL_CONVERSION = YES;
				CLANG_WARN_OBJC_IMPLICIT_RETAIN_SELF = YES;
				CLANG_WARN_OBJC_LITERAL_CONVERSION = YES;
				CLANG_WARN_OBJC_ROOT_CLASS = YES_ERROR;
				CLANG_WARN_RANGE_LOOP_ANALYSIS = YES;
				CLANG_WARN_STRICT_PROTOTYPES = YES;
				CLANG_WARN_SUSPICIOUS_MOVE = YES;
				CLANG_WARN_UNGUARDED_AVAILABILITY = YES_AGGRESSIVE;
				CLANG_WARN_UNREACHABLE_CODE = YES;
				CLANG_WARN__DUPLICATE_METHOD_MATCH = YES;
				CODE_SIGN_IDENTITY = "iPhone Developer";
				COPY_PHASE_STRIP = NO;
				DEBUG_INFORMATION_FORMAT = dwarf;
				ENABLE_STRICT_OBJC_MSGSEND = YES;
				ENABLE_TESTABILITY = YES;
				GCC_C_LANGUAGE_STANDARD = gnu11;
				GCC_DYNAMIC_NO_PIC = NO;
				GCC_NO_COMMON_BLOCKS = YES;
				GCC_OPTIMIZATION_LEVEL = 0;
				GCC_PREPROCESSOR_DEFINITIONS = (
					"DEBUG=1",
					"$(inherited)",
				);
				GCC_WARN_64_TO_32_BIT_CONVERSION = YES;
				GCC_WARN_ABOUT_RETURN_TYPE = YES_ERROR;
				GCC_WARN_UNDECLARED_SELECTOR = YES;
				GCC_WARN_UNINITIALIZED_AUTOS = YES_AGGRESSIVE;
				GCC_WARN_UNUSED_FUNCTION = YES;
				GCC_WARN_UNUSED_VARIABLE = YES;
				IPHONEOS_DEPLOYMENT_TARGET = 12.4;
				MTL_ENABLE_DEBUG_INFO = INCLUDE_SOURCE;
				MTL_FAST_MATH = YES;
				ONLY_ACTIVE_ARCH = YES;
				SDKROOT = iphoneos;
				SWIFT_ACTIVE_COMPILATION_CONDITIONS = DEBUG;
				SWIFT_OPTIMIZATION_LEVEL = "-Onone";
			};
			name = Debug;
		};
		F5E6165B23E5C78E009893D3 /* Release */ = {
			isa = XCBuildConfiguration;
			buildSettings = {
				ALWAYS_SEARCH_USER_PATHS = NO;
				CLANG_ANALYZER_NONNULL = YES;
				CLANG_ANALYZER_NUMBER_OBJECT_CONVERSION = YES_AGGRESSIVE;
				CLANG_CXX_LANGUAGE_STANDARD = "gnu++14";
				CLANG_CXX_LIBRARY = "libc++";
				CLANG_ENABLE_MODULES = YES;
				CLANG_ENABLE_OBJC_ARC = YES;
				CLANG_ENABLE_OBJC_WEAK = YES;
				CLANG_WARN_BLOCK_CAPTURE_AUTORELEASING = YES;
				CLANG_WARN_BOOL_CONVERSION = YES;
				CLANG_WARN_COMMA = YES;
				CLANG_WARN_CONSTANT_CONVERSION = YES;
				CLANG_WARN_DEPRECATED_OBJC_IMPLEMENTATIONS = YES;
				CLANG_WARN_DIRECT_OBJC_ISA_USAGE = YES_ERROR;
				CLANG_WARN_DOCUMENTATION_COMMENTS = YES;
				CLANG_WARN_EMPTY_BODY = YES;
				CLANG_WARN_ENUM_CONVERSION = YES;
				CLANG_WARN_INFINITE_RECURSION = YES;
				CLANG_WARN_INT_CONVERSION = YES;
				CLANG_WARN_NON_LITERAL_NULL_CONVERSION = YES;
				CLANG_WARN_OBJC_IMPLICIT_RETAIN_SELF = YES;
				CLANG_WARN_OBJC_LITERAL_CONVERSION = YES;
				CLANG_WARN_OBJC_ROOT_CLASS = YES_ERROR;
				CLANG_WARN_RANGE_LOOP_ANALYSIS = YES;
				CLANG_WARN_STRICT_PROTOTYPES = YES;
				CLANG_WARN_SUSPICIOUS_MOVE = YES;
				CLANG_WARN_UNGUARDED_AVAILABILITY = YES_AGGRESSIVE;
				CLANG_WARN_UNREACHABLE_CODE = YES;
				CLANG_WARN__DUPLICATE_METHOD_MATCH = YES;
				CODE_SIGN_IDENTITY = "iPhone Developer";
				COPY_PHASE_STRIP = NO;
				DEBUG_INFORMATION_FORMAT = "dwarf-with-dsym";
				ENABLE_NS_ASSERTIONS = NO;
				ENABLE_STRICT_OBJC_MSGSEND = YES;
				GCC_C_LANGUAGE_STANDARD = gnu11;
				GCC_NO_COMMON_BLOCKS = YES;
				GCC_WARN_64_TO_32_BIT_CONVERSION = YES;
				GCC_WARN_ABOUT_RETURN_TYPE = YES_ERROR;
				GCC_WARN_UNDECLARED_SELECTOR = YES;
				GCC_WARN_UNINITIALIZED_AUTOS = YES_AGGRESSIVE;
				GCC_WARN_UNUSED_FUNCTION = YES;
				GCC_WARN_UNUSED_VARIABLE = YES;
				IPHONEOS_DEPLOYMENT_TARGET = 12.4;
				MTL_ENABLE_DEBUG_INFO = NO;
				MTL_FAST_MATH = YES;
				SDKROOT = iphoneos;
				SWIFT_COMPILATION_MODE = wholemodule;
				SWIFT_OPTIMIZATION_LEVEL = "-O";
				VALIDATE_PRODUCT = YES;
			};
			name = Release;
		};
		F5E6165D23E5C78E009893D3 /* Debug */ = {
			isa = XCBuildConfiguration;
			buildSettings = {
				ASSETCATALOG_COMPILER_APPICON_NAME = AppIcon;
				CODE_SIGN_STYLE = Automatic;
				DEVELOPMENT_TEAM = 8WWH6VRYYP;
				INFOPLIST_FILE = AHKA_AR/Info.plist;
				LD_RUNPATH_SEARCH_PATHS = (
					"$(inherited)",
					"@executable_path/Frameworks",
				);
				PRODUCT_BUNDLE_IDENTIFIER = com.ahka.DayInAhka;
				PRODUCT_NAME = "Day of Akha";
				SWIFT_VERSION = 5.0;
				TARGETED_DEVICE_FAMILY = "1,2";
			};
			name = Debug;
		};
		F5E6165E23E5C78E009893D3 /* Release */ = {
			isa = XCBuildConfiguration;
			buildSettings = {
				ASSETCATALOG_COMPILER_APPICON_NAME = AppIcon;
				CODE_SIGN_STYLE = Automatic;
				DEVELOPMENT_TEAM = 8WWH6VRYYP;
				INFOPLIST_FILE = AHKA_AR/Info.plist;
				LD_RUNPATH_SEARCH_PATHS = (
					"$(inherited)",
					"@executable_path/Frameworks",
				);
				PRODUCT_BUNDLE_IDENTIFIER = com.ahka.DayInAhka;
				PRODUCT_NAME = "Day of Akha";
				SWIFT_VERSION = 5.0;
				TARGETED_DEVICE_FAMILY = "1,2";
			};
			name = Release;
		};
/* End XCBuildConfiguration section */

/* Begin XCConfigurationList section */
		F5E6164323E5C78A009893D3 /* Build configuration list for PBXProject "Day In Ahka" */ = {
			isa = XCConfigurationList;
			buildConfigurations = (
				F5E6165A23E5C78E009893D3 /* Debug */,
				F5E6165B23E5C78E009893D3 /* Release */,
			);
			defaultConfigurationIsVisible = 0;
			defaultConfigurationName = Release;
		};
		F5E6165C23E5C78E009893D3 /* Build configuration list for PBXNativeTarget "Day In Ahka" */ = {
			isa = XCConfigurationList;
			buildConfigurations = (
				F5E6165D23E5C78E009893D3 /* Debug */,
				F5E6165E23E5C78E009893D3 /* Release */,
			);
			defaultConfigurationIsVisible = 0;
			defaultConfigurationName = Release;
		};
/* End XCConfigurationList section */
	};
	rootObject = F5E6164023E5C78A009893D3 /* Project object */;
}
